// !$*UTF8*$!
{
	archiveVersion = 1;
	classes = {
	};
	objectVersion = 46;
	objects = {

/* Begin PBXAggregateTarget section */
		"SwiftExpansion::SwiftExpansionPackageTests::ProductTarget" /* SwiftExpansionPackageTests */ = {
			isa = PBXAggregateTarget;
			buildConfigurationList = OBJ_36 /* Build configuration list for PBXAggregateTarget "SwiftExpansionPackageTests" */;
			buildPhases = (
			);
			dependencies = (
				OBJ_39 /* PBXTargetDependency */,
			);
			name = SwiftExpansionPackageTests;
			productName = SwiftExpansionPackageTests;
		};
/* End PBXAggregateTarget section */

/* Begin PBXBuildFile section */
		25499526C71F4F047B2A6E2E /* Reusable.swift in Sources */ = {isa = PBXBuildFile; fileRef = 254996AF4C463ADA26AE5F7A /* Reusable.swift */; };
		2549971AEA43034A84A2B0F3 /* OptionalType.swift in Sources */ = {isa = PBXBuildFile; fileRef = 254995243B9D8C090D119982 /* OptionalType.swift */; };
		254997B44564372594FD9410 /* Sequence+filterAgainst.swift in Sources */ = {isa = PBXBuildFile; fileRef = 254996B2FA63F9E097706D0F /* Sequence+filterAgainst.swift */; };
		25499D4E6704BB33A21A3EA1 /* Optional+zip.swift in Sources */ = {isa = PBXBuildFile; fileRef = 25499DCA74F6C0CA0F19A640 /* Optional+zip.swift */; };
		OBJ_34 /* Package.swift in Sources */ = {isa = PBXBuildFile; fileRef = OBJ_6 /* Package.swift */; };
		OBJ_45 /* SwiftExpansionTests.swift in Sources */ = {isa = PBXBuildFile; fileRef = OBJ_14 /* SwiftExpansionTests.swift */; };
		OBJ_46 /* XCTestManifests.swift in Sources */ = {isa = PBXBuildFile; fileRef = OBJ_15 /* XCTestManifests.swift */; };
		OBJ_48 /* SwiftExpansion.framework in Frameworks */ = {isa = PBXBuildFile; fileRef = "SwiftExpansion::SwiftExpansion::Product" /* SwiftExpansion.framework */; };
/* End PBXBuildFile section */

/* Begin PBXFileReference section */
		254995243B9D8C090D119982 /* OptionalType.swift */ = {isa = PBXFileReference; fileEncoding = 4; lastKnownFileType = sourcecode.swift; path = OptionalType.swift; sourceTree = "<group>"; };
		254996AF4C463ADA26AE5F7A /* Reusable.swift */ = {isa = PBXFileReference; fileEncoding = 4; lastKnownFileType = sourcecode.swift; path = Reusable.swift; sourceTree = "<group>"; };
		254996B2FA63F9E097706D0F /* Sequence+filterAgainst.swift */ = {isa = PBXFileReference; fileEncoding = 4; lastKnownFileType = sourcecode.swift; path = "Sequence+filterAgainst.swift"; sourceTree = "<group>"; };
		25499DCA74F6C0CA0F19A640 /* Optional+zip.swift */ = {isa = PBXFileReference; fileEncoding = 4; lastKnownFileType = sourcecode.swift; path = "Optional+zip.swift"; sourceTree = "<group>"; };
		OBJ_14 /* SwiftExpansionTests.swift */ = {isa = PBXFileReference; path = SwiftExpansionTests.swift; sourceTree = "<group>"; };
		OBJ_15 /* XCTestManifests.swift */ = {isa = PBXFileReference; path = XCTestManifests.swift; sourceTree = "<group>"; };
		OBJ_16 /* Example */ = {isa = PBXFileReference; path = Example; sourceTree = SOURCE_ROOT; };
		OBJ_6 /* Package.swift */ = {isa = PBXFileReference; explicitFileType = sourcecode.swift; path = Package.swift; sourceTree = "<group>"; };
		"SwiftExpansion::SwiftExpansion::Product" /* SwiftExpansion.framework */ = {isa = PBXFileReference; path = SwiftExpansion.framework; sourceTree = BUILT_PRODUCTS_DIR; };
		"SwiftExpansion::SwiftExpansionTests::Product" /* SwiftExpansionTests.xctest */ = {isa = PBXFileReference; path = SwiftExpansionTests.xctest; sourceTree = BUILT_PRODUCTS_DIR; };
/* End PBXFileReference section */

/* Begin PBXFrameworksBuildPhase section */
		OBJ_28 /* Frameworks */ = {
			isa = PBXFrameworksBuildPhase;
			files = (
			);
		};
		OBJ_47 /* Frameworks */ = {
			isa = PBXFrameworksBuildPhase;
			files = (
				OBJ_48 /* SwiftExpansion.framework in Frameworks */,
			);
		};
/* End PBXFrameworksBuildPhase section */

/* Begin PBXGroup section */
		2549999D5A21B8862001DA2B /* OptionalType Expansion */ = {
			isa = PBXGroup;
			children = (
				25499DCA74F6C0CA0F19A640 /* Optional+zip.swift */,
				254995243B9D8C090D119982 /* OptionalType.swift */,
			);
			path = "OptionalType Expansion";
			sourceTree = "<group>";
		};
		254999B86FCEFDAACB445E46 /* Sequence Expansion */ = {
			isa = PBXGroup;
			children = (
				254996B2FA63F9E097706D0F /* Sequence+filterAgainst.swift */,
			);
			path = "Sequence Expansion";
			sourceTree = "<group>";
		};
		25499CBDFC03C9D41755045C /* Reusable Expansion */ = {
			isa = PBXGroup;
			children = (
				254996AF4C463ADA26AE5F7A /* Reusable.swift */,
			);
			path = "Reusable Expansion";
			sourceTree = "<group>";
		};
		OBJ_12 /* Tests */ = {
			isa = PBXGroup;
			children = (
				OBJ_13 /* SwiftExpansionTests */,
			);
			name = Tests;
			path = "";
			sourceTree = SOURCE_ROOT;
		};
		OBJ_13 /* SwiftExpansionTests */ = {
			isa = PBXGroup;
			children = (
				OBJ_14 /* SwiftExpansionTests.swift */,
				OBJ_15 /* XCTestManifests.swift */,
			);
			name = SwiftExpansionTests;
			path = Tests/SwiftExpansionTests;
			sourceTree = SOURCE_ROOT;
		};
		OBJ_17 /* Products */ = {
			isa = PBXGroup;
			children = (
				"SwiftExpansion::SwiftExpansionTests::Product" /* SwiftExpansionTests.xctest */,
				"SwiftExpansion::SwiftExpansion::Product" /* SwiftExpansion.framework */,
			);
			name = Products;
			path = "";
			sourceTree = BUILT_PRODUCTS_DIR;
		};
		OBJ_5 /*  */ = {
			isa = PBXGroup;
			children = (
				OBJ_6 /* Package.swift */,
				OBJ_7 /* Sources */,
				OBJ_12 /* Tests */,
				OBJ_16 /* Example */,
				OBJ_17 /* Products */,
			);
			path = "";
			sourceTree = "<group>";
		};
		OBJ_7 /* Sources */ = {
			isa = PBXGroup;
			children = (
				OBJ_8 /* SwiftExpansion */,
			);
			name = Sources;
			path = "";
			sourceTree = SOURCE_ROOT;
		};
		OBJ_8 /* SwiftExpansion */ = {
			isa = PBXGroup;
			children = (
				254999B86FCEFDAACB445E46 /* Sequence Expansion */,
				2549999D5A21B8862001DA2B /* OptionalType Expansion */,
				25499CBDFC03C9D41755045C /* Reusable Expansion */,
			);
			name = SwiftExpansion;
			path = Sources/SwiftExpansion;
			sourceTree = SOURCE_ROOT;
		};
/* End PBXGroup section */

/* Begin PBXNativeTarget section */
		"SwiftExpansion::SwiftExpansion" /* SwiftExpansion */ = {
			isa = PBXNativeTarget;
			buildConfigurationList = OBJ_21 /* Build configuration list for PBXNativeTarget "SwiftExpansion" */;
			buildPhases = (
				OBJ_24 /* Sources */,
				OBJ_28 /* Frameworks */,
			);
			dependencies = (
			);
			name = SwiftExpansion;
			productName = SwiftExpansion;
			productReference = "SwiftExpansion::SwiftExpansion::Product" /* SwiftExpansion.framework */;
			productType = "com.apple.product-type.framework";
		};
		"SwiftExpansion::SwiftExpansionTests" /* SwiftExpansionTests */ = {
			isa = PBXNativeTarget;
			buildConfigurationList = OBJ_41 /* Build configuration list for PBXNativeTarget "SwiftExpansionTests" */;
			buildPhases = (
				OBJ_44 /* Sources */,
				OBJ_47 /* Frameworks */,
			);
			dependencies = (
				OBJ_49 /* PBXTargetDependency */,
			);
			name = SwiftExpansionTests;
			productName = SwiftExpansionTests;
			productReference = "SwiftExpansion::SwiftExpansionTests::Product" /* SwiftExpansionTests.xctest */;
			productType = "com.apple.product-type.bundle.unit-test";
		};
		"SwiftExpansion::SwiftPMPackageDescription" /* SwiftExpansionPackageDescription */ = {
			isa = PBXNativeTarget;
			buildConfigurationList = OBJ_30 /* Build configuration list for PBXNativeTarget "SwiftExpansionPackageDescription" */;
			buildPhases = (
				OBJ_33 /* Sources */,
			);
			dependencies = (
			);
			name = SwiftExpansionPackageDescription;
			productName = SwiftExpansionPackageDescription;
			productType = "com.apple.product-type.framework";
		};
/* End PBXNativeTarget section */

/* Begin PBXProject section */
		OBJ_1 /* Project object */ = {
			isa = PBXProject;
			attributes = {
				LastUpgradeCheck = 9999;
			};
			buildConfigurationList = OBJ_2 /* Build configuration list for PBXProject "SwiftExpansion" */;
			compatibilityVersion = "Xcode 3.2";
			developmentRegion = English;
			hasScannedForEncodings = 0;
			knownRegions = (
				en,
			);
			mainGroup = OBJ_5 /*  */;
			productRefGroup = OBJ_17 /* Products */;
			projectDirPath = .;
			targets = (
				"SwiftExpansion::SwiftExpansion" /* SwiftExpansion */,
				"SwiftExpansion::SwiftPMPackageDescription" /* SwiftExpansionPackageDescription */,
				"SwiftExpansion::SwiftExpansionPackageTests::ProductTarget" /* SwiftExpansionPackageTests */,
				"SwiftExpansion::SwiftExpansionTests" /* SwiftExpansionTests */,
			);
		};
/* End PBXProject section */

/* Begin PBXSourcesBuildPhase section */
		OBJ_24 /* Sources */ = {
			isa = PBXSourcesBuildPhase;
			files = (
				25499526C71F4F047B2A6E2E /* Reusable.swift in Sources */,
				25499D4E6704BB33A21A3EA1 /* Optional+zip.swift in Sources */,
				2549971AEA43034A84A2B0F3 /* OptionalType.swift in Sources */,
				254997B44564372594FD9410 /* Sequence+filterAgainst.swift in Sources */,
			);
		};
		OBJ_33 /* Sources */ = {
			isa = PBXSourcesBuildPhase;
			files = (
				OBJ_34 /* Package.swift in Sources */,
			);
		};
		OBJ_44 /* Sources */ = {
			isa = PBXSourcesBuildPhase;
			files = (
				OBJ_45 /* SwiftExpansionTests.swift in Sources */,
				OBJ_46 /* XCTestManifests.swift in Sources */,
			);
		};
/* End PBXSourcesBuildPhase section */

/* Begin PBXTargetDependency section */
		OBJ_39 /* PBXTargetDependency */ = {
			isa = PBXTargetDependency;
			target = "SwiftExpansion::SwiftExpansionTests" /* SwiftExpansionTests */;
		};
		OBJ_49 /* PBXTargetDependency */ = {
			isa = PBXTargetDependency;
			target = "SwiftExpansion::SwiftExpansion" /* SwiftExpansion */;
		};
/* End PBXTargetDependency section */

/* Begin XCBuildConfiguration section */
		OBJ_22 /* Debug */ = {
			isa = XCBuildConfiguration;
			buildSettings = {
				ENABLE_TESTABILITY = YES;
				FRAMEWORK_SEARCH_PATHS = (
					"$(inherited)",
					"$(PLATFORM_DIR)/Developer/Library/Frameworks",
				);
				HEADER_SEARCH_PATHS = (
					"$(inherited)",
				);
				INFOPLIST_FILE = SwiftExpansion.xcodeproj/SwiftExpansion_Info.plist;
				LD_RUNPATH_SEARCH_PATHS = (
					"$(inherited)",
					"$(TOOLCHAIN_DIR)/usr/lib/swift/macosx",
				);
				OTHER_CFLAGS = (
					"$(inherited)",
				);
				OTHER_LDFLAGS = (
					"$(inherited)",
				);
				OTHER_SWIFT_FLAGS = (
					"$(inherited)",
				);
				PRODUCT_BUNDLE_IDENTIFIER = SwiftExpansion;
				PRODUCT_MODULE_NAME = "$(TARGET_NAME:c99extidentifier)";
				PRODUCT_NAME = "$(TARGET_NAME:c99extidentifier)";
				SKIP_INSTALL = YES;
				SWIFT_ACTIVE_COMPILATION_CONDITIONS = (
					"$(inherited)",
				);
				SWIFT_VERSION = 4.2;
				TARGET_NAME = SwiftExpansion;
			};
			name = Debug;
		};
		OBJ_23 /* Release */ = {
			isa = XCBuildConfiguration;
			buildSettings = {
				ENABLE_TESTABILITY = YES;
				FRAMEWORK_SEARCH_PATHS = (
					"$(inherited)",
					"$(PLATFORM_DIR)/Developer/Library/Frameworks",
				);
				HEADER_SEARCH_PATHS = (
					"$(inherited)",
				);
				INFOPLIST_FILE = SwiftExpansion.xcodeproj/SwiftExpansion_Info.plist;
				LD_RUNPATH_SEARCH_PATHS = (
					"$(inherited)",
					"$(TOOLCHAIN_DIR)/usr/lib/swift/macosx",
				);
				OTHER_CFLAGS = (
					"$(inherited)",
				);
				OTHER_LDFLAGS = (
					"$(inherited)",
				);
				OTHER_SWIFT_FLAGS = (
					"$(inherited)",
				);
				PRODUCT_BUNDLE_IDENTIFIER = SwiftExpansion;
				PRODUCT_MODULE_NAME = "$(TARGET_NAME:c99extidentifier)";
				PRODUCT_NAME = "$(TARGET_NAME:c99extidentifier)";
				SKIP_INSTALL = YES;
				SWIFT_ACTIVE_COMPILATION_CONDITIONS = (
					"$(inherited)",
				);
				SWIFT_VERSION = 4.2;
				TARGET_NAME = SwiftExpansion;
			};
			name = Release;
		};
		OBJ_3 /* Debug */ = {
			isa = XCBuildConfiguration;
			buildSettings = {
				CLANG_ENABLE_OBJC_ARC = YES;
				COMBINE_HIDPI_IMAGES = YES;
				COPY_PHASE_STRIP = NO;
				DEBUG_INFORMATION_FORMAT = dwarf;
				DYLIB_INSTALL_NAME_BASE = "@rpath";
				ENABLE_NS_ASSERTIONS = YES;
				GCC_OPTIMIZATION_LEVEL = 0;
				GCC_PREPROCESSOR_DEFINITIONS = (
					"DEBUG=1",
					"$(inherited)",
				);
				MACOSX_DEPLOYMENT_TARGET = 10.10;
				ONLY_ACTIVE_ARCH = YES;
				OTHER_SWIFT_FLAGS = (
					"-DXcode",
				);
				PRODUCT_NAME = "$(TARGET_NAME)";
				SDKROOT = macosx;
				SUPPORTED_PLATFORMS = (
					macosx,
					iphoneos,
					iphonesimulator,
					appletvos,
					appletvsimulator,
					watchos,
					watchsimulator,
				);
				SWIFT_ACTIVE_COMPILATION_CONDITIONS = (
					SWIFT_PACKAGE,
					DEBUG,
				);
				SWIFT_OPTIMIZATION_LEVEL = "-Onone";
				USE_HEADERMAP = NO;
			};
			name = Debug;
		};
		OBJ_31 /* Debug */ = {
			isa = XCBuildConfiguration;
			buildSettings = {
				LD = /usr/bin/true;
				OTHER_SWIFT_FLAGS = (
					"-swift-version",
					4.2,
					"-I",
					"$(TOOLCHAIN_DIR)/usr/lib/swift/pm/4_2",
					"-target",
					"x86_64-apple-macosx10.10",
					"-sdk",
					/Applications/Xcode.app/Contents/Developer/Platforms/MacOSX.platform/Developer/SDKs/MacOSX10.14.sdk,
				);
				SWIFT_VERSION = 4.2;
			};
			name = Debug;
		};
		OBJ_32 /* Release */ = {
			isa = XCBuildConfiguration;
			buildSettings = {
				LD = /usr/bin/true;
				OTHER_SWIFT_FLAGS = (
					"-swift-version",
					4.2,
					"-I",
					"$(TOOLCHAIN_DIR)/usr/lib/swift/pm/4_2",
					"-target",
					"x86_64-apple-macosx10.10",
					"-sdk",
					/Applications/Xcode.app/Contents/Developer/Platforms/MacOSX.platform/Developer/SDKs/MacOSX10.14.sdk,
				);
				SWIFT_VERSION = 4.2;
			};
			name = Release;
		};
		OBJ_37 /* Debug */ = {
			isa = XCBuildConfiguration;
			buildSettings = {
			};
			name = Debug;
		};
		OBJ_38 /* Release */ = {
			isa = XCBuildConfiguration;
			buildSettings = {
			};
			name = Release;
		};
		OBJ_4 /* Release */ = {
			isa = XCBuildConfiguration;
			buildSettings = {
				CLANG_ENABLE_OBJC_ARC = YES;
				COMBINE_HIDPI_IMAGES = YES;
				COPY_PHASE_STRIP = YES;
				DEBUG_INFORMATION_FORMAT = "dwarf-with-dsym";
				DYLIB_INSTALL_NAME_BASE = "@rpath";
				GCC_OPTIMIZATION_LEVEL = s;
				MACOSX_DEPLOYMENT_TARGET = 10.10;
				OTHER_SWIFT_FLAGS = (
					"-DXcode",
				);
				PRODUCT_NAME = "$(TARGET_NAME)";
				SDKROOT = macosx;
				SUPPORTED_PLATFORMS = (
					macosx,
					iphoneos,
					iphonesimulator,
					appletvos,
					appletvsimulator,
					watchos,
					watchsimulator,
				);
				SWIFT_ACTIVE_COMPILATION_CONDITIONS = (
					SWIFT_PACKAGE,
				);
				SWIFT_OPTIMIZATION_LEVEL = "-Owholemodule";
				USE_HEADERMAP = NO;
			};
			name = Release;
		};
		OBJ_42 /* Debug */ = {
			isa = XCBuildConfiguration;
			buildSettings = {
				CLANG_ENABLE_MODULES = YES;
				EMBEDDED_CONTENT_CONTAINS_SWIFT = YES;
				FRAMEWORK_SEARCH_PATHS = (
					"$(inherited)",
					"$(PLATFORM_DIR)/Developer/Library/Frameworks",
				);
				HEADER_SEARCH_PATHS = (
					"$(inherited)",
				);
				INFOPLIST_FILE = SwiftExpansion.xcodeproj/SwiftExpansionTests_Info.plist;
				LD_RUNPATH_SEARCH_PATHS = (
					"$(inherited)",
					"@loader_path/../Frameworks",
					"@loader_path/Frameworks",
				);
				OTHER_CFLAGS = (
					"$(inherited)",
				);
				OTHER_LDFLAGS = (
					"$(inherited)",
				);
				OTHER_SWIFT_FLAGS = (
					"$(inherited)",
				);
				SWIFT_ACTIVE_COMPILATION_CONDITIONS = (
					"$(inherited)",
				);
				SWIFT_VERSION = 4.2;
				TARGET_NAME = SwiftExpansionTests;
			};
			name = Debug;
		};
		OBJ_43 /* Release */ = {
			isa = XCBuildConfiguration;
			buildSettings = {
				CLANG_ENABLE_MODULES = YES;
				EMBEDDED_CONTENT_CONTAINS_SWIFT = YES;
				FRAMEWORK_SEARCH_PATHS = (
					"$(inherited)",
					"$(PLATFORM_DIR)/Developer/Library/Frameworks",
				);
				HEADER_SEARCH_PATHS = (
					"$(inherited)",
				);
				INFOPLIST_FILE = SwiftExpansion.xcodeproj/SwiftExpansionTests_Info.plist;
				LD_RUNPATH_SEARCH_PATHS = (
					"$(inherited)",
					"@loader_path/../Frameworks",
					"@loader_path/Frameworks",
				);
				OTHER_CFLAGS = (
					"$(inherited)",
				);
				OTHER_LDFLAGS = (
					"$(inherited)",
				);
				OTHER_SWIFT_FLAGS = (
					"$(inherited)",
				);
				SWIFT_ACTIVE_COMPILATION_CONDITIONS = (
					"$(inherited)",
				);
				SWIFT_VERSION = 4.2;
				TARGET_NAME = SwiftExpansionTests;
			};
			name = Release;
		};
/* End XCBuildConfiguration section */

/* Begin XCConfigurationList section */
		OBJ_2 /* Build configuration list for PBXProject "SwiftExpansion" */ = {
			isa = XCConfigurationList;
			buildConfigurations = (
				OBJ_3 /* Debug */,
				OBJ_4 /* Release */,
			);
			defaultConfigurationIsVisible = 0;
			defaultConfigurationName = Release;
		};
		OBJ_21 /* Build configuration list for PBXNativeTarget "SwiftExpansion" */ = {
			isa = XCConfigurationList;
			buildConfigurations = (
				OBJ_22 /* Debug */,
				OBJ_23 /* Release */,
			);
			defaultConfigurationIsVisible = 0;
			defaultConfigurationName = Release;
		};
		OBJ_30 /* Build configuration list for PBXNativeTarget "SwiftExpansionPackageDescription" */ = {
			isa = XCConfigurationList;
			buildConfigurations = (
				OBJ_31 /* Debug */,
				OBJ_32 /* Release */,
			);
			defaultConfigurationIsVisible = 0;
			defaultConfigurationName = Release;
		};
		OBJ_36 /* Build configuration list for PBXAggregateTarget "SwiftExpansionPackageTests" */ = {
			isa = XCConfigurationList;
			buildConfigurations = (
				OBJ_37 /* Debug */,
				OBJ_38 /* Release */,
			);
			defaultConfigurationIsVisible = 0;
			defaultConfigurationName = Release;
		};
		OBJ_41 /* Build configuration list for PBXNativeTarget "SwiftExpansionTests" */ = {
			isa = XCConfigurationList;
			buildConfigurations = (
				OBJ_42 /* Debug */,
				OBJ_43 /* Release */,
			);
			defaultConfigurationIsVisible = 0;
			defaultConfigurationName = Release;
		};
/* End XCConfigurationList section */
	};
	rootObject = OBJ_1 /* Project object */;
}
